// !$*UTF8*$!
{
	archiveVersion = 1;
	classes = {
	};
	objectVersion = 77;
	objects = {

/* Begin PBXContainerItemProxy section */
		631DFF832F52BA1200A66C98 /* PBXContainerItemProxy */ = {
			isa = PBXContainerItemProxy;
			containerPortal = 631DFF612F52BA0F00A66C98 /* Project object */;
			proxyType = 1;
			remoteGlobalIDString = 631DFF682F52BA0F00A66C98;
			remoteInfo = PhotoGalleryAppAsignment;
		};
		631DFF8D2F52BA1200A66C98 /* PBXContainerItemProxy */ = {
			isa = PBXContainerItemProxy;
			containerPortal = 631DFF612F52BA0F00A66C98 /* Project object */;
			proxyType = 1;
			remoteGlobalIDString = 631DFF682F52BA0F00A66C98;
			remoteInfo = PhotoGalleryAppAsignment;
		};
/* End PBXContainerItemProxy section */

/* Begin PBXFileReference section */
		631DFF692F52BA0F00A66C98 /* PhotoGalleryAppAsignment.app */ = {isa = PBXFileReference; explicitFileType = wrapper.application; includeInIndex = 0; path = PhotoGalleryAppAsignment.app; sourceTree = BUILT_PRODUCTS_DIR; };
		631DFF822F52BA1200A66C98 /* PhotoGalleryAppAsignmentTests.xctest */ = {isa = PBXFileReference; explicitFileType = wrapper.cfbundle; includeInIndex = 0; path = PhotoGalleryAppAsignmentTests.xctest; sourceTree = BUILT_PRODUCTS_DIR; };
		631DFF8C2F52BA1200A66C98 /* PhotoGalleryAppAsignmentUITests.xctest */ = {isa = PBXFileReference; explicitFileType = wrapper.cfbundle; includeInIndex = 0; path = PhotoGalleryAppAsignmentUITests.xctest; sourceTree = BUILT_PRODUCTS_DIR; };
/* End PBXFileReference section */

/* Begin PBXFileSystemSynchronizedBuildFileExceptionSet section */
		631DFF942F52BA1200A66C98 /* Exceptions for "PhotoGalleryAppAsignment" folder in "PhotoGalleryAppAsignment" target */ = {
			isa = PBXFileSystemSynchronizedBuildFileExceptionSet;
			membershipExceptions = (
				Info.plist,
			);
			target = 631DFF682F52BA0F00A66C98 /* PhotoGalleryAppAsignment */;
		};
/* End PBXFileSystemSynchronizedBuildFileExceptionSet section */

/* Begin PBXFileSystemSynchronizedRootGroup section */
		631DFF6B2F52BA0F00A66C98 /* PhotoGalleryAppAsignment */ = {
			isa = PBXFileSystemSynchronizedRootGroup;
			exceptions = (
				631DFF942F52BA1200A66C98 /* Exceptions for "PhotoGalleryAppAsignment" folder in "PhotoGalleryAppAsignment" target */,
			);
			path = PhotoGalleryAppAsignment;
			sourceTree = "<group>";
		};
		631DFF852F52BA1200A66C98 /* PhotoGalleryAppAsignmentTests */ = {
			isa = PBXFileSystemSynchronizedRootGroup;
			path = PhotoGalleryAppAsignmentTests;
			sourceTree = "<group>";
		};
		631DFF8F2F52BA1200A66C98 /* PhotoGalleryAppAsignmentUITests */ = {
			isa = PBXFileSystemSynchronizedRootGroup;
			path = PhotoGalleryAppAsignmentUITests;
			sourceTree = "<group>";
		};
/* End PBXFileSystemSynchronizedRootGroup section */

/* Begin PBXFrameworksBuildPhase section */
		631DFF662F52BA0F00A66C98 /* Frameworks */ = {
			isa = PBXFrameworksBuildPhase;
			buildActionMask = 2147483647;
			files = (
			);
			runOnlyForDeploymentPostprocessing = 0;
		};
		631DFF7F2F52BA1200A66C98 /* Frameworks */ = {
			isa = PBXFrameworksBuildPhase;
			buildActionMask = 2147483647;
			files = (
			);
			runOnlyForDeploymentPostprocessing = 0;
		};
		631DFF892F52BA1200A66C98 /* Frameworks */ = {
			isa = PBXFrameworksBuildPhase;
			buildActionMask = 2147483647;
			files = (
			);
			runOnlyForDeploymentPostprocessing = 0;
		};
/* End PBXFrameworksBuildPhase section */

/* Begin PBXGroup section */
		631DFF602F52BA0F00A66C98 = {
			isa = PBXGroup;
			children = (
				631DFF6B2F52BA0F00A66C98 /* PhotoGalleryAppAsignment */,
				631DFF852F52BA1200A66C98 /* PhotoGalleryAppAsignmentTests */,
				631DFF8F2F52BA1200A66C98 /* PhotoGalleryAppAsignmentUITests */,
				631DFF6A2F52BA0F00A66C98 /* Products */,
			);
			sourceTree = "<group>";
		};
		631DFF6A2F52BA0F00A66C98 /* Products */ = {
			isa = PBXGroup;
			children = (
				631DFF692F52BA0F00A66C98 /* PhotoGalleryAppAsignment.app */,
				631DFF822F52BA1200A66C98 /* PhotoGalleryAppAsignmentTests.xctest */,
				631DFF8C2F52BA1200A66C98 /* PhotoGalleryAppAsignmentUITests.xctest */,
			);
			name = Products;
			sourceTree = "<group>";
		};
/* End PBXGroup section */

/* Begin PBXNativeTarget section */
		631DFF682F52BA0F00A66C98 /* PhotoGalleryAppAsignment */ = {
			isa = PBXNativeTarget;
			buildConfigurationList = 631DFF952F52BA1200A66C98 /* Build configuration list for PBXNativeTarget "PhotoGalleryAppAsignment" */;
			buildPhases = (
				631DFF652F52BA0F00A66C98 /* Sources */,
				631DFF662F52BA0F00A66C98 /* Frameworks */,
				631DFF672F52BA0F00A66C98 /* Resources */,
			);
			buildRules = (
			);
			dependencies = (
			);
			fileSystemSynchronizedGroups = (
				631DFF6B2F52BA0F00A66C98 /* PhotoGalleryAppAsignment */,
			);
			name = PhotoGalleryAppAsignment;
			packageProductDependencies = (
			);
			productName = PhotoGalleryAppAsignment;
			productReference = 631DFF692F52BA0F00A66C98 /* PhotoGalleryAppAsignment.app */;
			productType = "com.apple.product-type.application";
		};
		631DFF812F52BA1200A66C98 /* PhotoGalleryAppAsignmentTests */ = {
			isa = PBXNativeTarget;
			buildConfigurationList = 631DFF9A2F52BA1200A66C98 /* Build configuration list for PBXNativeTarget "PhotoGalleryAppAsignmentTests" */;
			buildPhases = (
				631DFF7E2F52BA1200A66C98 /* Sources */,
				631DFF7F2F52BA1200A66C98 /* Frameworks */,
				631DFF802F52BA1200A66C98 /* Resources */,
			);
			buildRules = (
			);
			dependencies = (
				631DFF842F52BA1200A66C98 /* PBXTargetDependency */,
			);
			fileSystemSynchronizedGroups = (
				631DFF852F52BA1200A66C98 /* PhotoGalleryAppAsignmentTests */,
			);
			name = PhotoGalleryAppAsignmentTests;
			packageProductDependencies = (
			);
			productName = PhotoGalleryAppAsignmentTests;
			productReference = 631DFF822F52BA1200A66C98 /* PhotoGalleryAppAsignmentTests.xctest */;
			productType = "com.apple.product-type.bundle.unit-test";
		};
		631DFF8B2F52BA1200A66C98 /* PhotoGalleryAppAsignmentUITests */ = {
			isa = PBXNativeTarget;
			buildConfigurationList = 631DFF9D2F52BA1200A66C98 /* Build configuration list for PBXNativeTarget "PhotoGalleryAppAsignmentUITests" */;
			buildPhases = (
				631DFF882F52BA1200A66C98 /* Sources */,
				631DFF892F52BA1200A66C98 /* Frameworks */,
				631DFF8A2F52BA1200A66C98 /* Resources */,
			);
			buildRules = (
			);
			dependencies = (
				631DFF8E2F52BA1200A66C98 /* PBXTargetDependency */,
			);
			fileSystemSynchronizedGroups = (
				631DFF8F2F52BA1200A66C98 /* PhotoGalleryAppAsignmentUITests */,
			);
			name = PhotoGalleryAppAsignmentUITests;
			packageProductDependencies = (
			);
			productName = PhotoGalleryAppAsignmentUITests;
			productReference = 631DFF8C2F52BA1200A66C98 /* PhotoGalleryAppAsignmentUITests.xctest */;
			productType = "com.apple.product-type.bundle.ui-testing";
		};
/* End PBXNativeTarget section */

/* Begin PBXProject section */
		631DFF612F52BA0F00A66C98 /* Project object */ = {
			isa = PBXProject;
			attributes = {
				BuildIndependentTargetsInParallel = 1;
				LastSwiftUpdateCheck = 1640;
				LastUpgradeCheck = 1640;
				TargetAttributes = {
					631DFF682F52BA0F00A66C98 = {
						CreatedOnToolsVersion = 16.4;
					};
					631DFF812F52BA1200A66C98 = {
						CreatedOnToolsVersion = 16.4;
						TestTargetID = 631DFF682F52BA0F00A66C98;
					};
					631DFF8B2F52BA1200A66C98 = {
						CreatedOnToolsVersion = 16.4;
						TestTargetID = 631DFF682F52BA0F00A66C98;
					};
				};
			};
			buildConfigurationList = 631DFF642F52BA0F00A66C98 /* Build configuration list for PBXProject "PhotoGalleryAppAsignment" */;
			developmentRegion = en;
			hasScannedForEncodings = 0;
			knownRegions = (
				en,
				Base,
			);
			mainGroup = 631DFF602F52BA0F00A66C98;
			minimizedProjectReferenceProxies = 1;
			preferredProjectObjectVersion = 77;
			productRefGroup = 631DFF6A2F52BA0F00A66C98 /* Products */;
			projectDirPath = "";
			projectRoot = "";
			targets = (
				631DFF682F52BA0F00A66C98 /* PhotoGalleryAppAsignment */,
				631DFF812F52BA1200A66C98 /* PhotoGalleryAppAsignmentTests */,
				631DFF8B2F52BA1200A66C98 /* PhotoGalleryAppAsignmentUITests */,
			);
		};
/* End PBXProject section */

/* Begin PBXResourcesBuildPhase section */
		631DFF672F52BA0F00A66C98 /* Resources */ = {
			isa = PBXResourcesBuildPhase;
			buildActionMask = 2147483647;
			files = (
			);
			runOnlyForDeploymentPostprocessing = 0;
		};
		631DFF802F52BA1200A66C98 /* Resources */ = {
			isa = PBXResourcesBuildPhase;
			buildActionMask = 2147483647;
			files = (
			);
			runOnlyForDeploymentPostprocessing = 0;
		};
		631DFF8A2F52BA1200A66C98 /* Resources */ = {
			isa = PBXResourcesBuildPhase;
			buildActionMask = 2147483647;
			files = (
			);
			runOnlyForDeploymentPostprocessing = 0;
		};
/* End PBXResourcesBuildPhase section */

/* Begin PBXSourcesBuildPhase section */
		631DFF652F52BA0F00A66C98 /* Sources */ = {
			isa = PBXSourcesBuildPhase;
			buildActionMask = 2147483647;
			files = (
			);
			runOnlyForDeploymentPostprocessing = 0;
		};
		631DFF7E2F52BA1200A66C98 /* Sources */ = {
			isa = PBXSourcesBuildPhase;
			buildActionMask = 2147483647;
			files = (
			);
			runOnlyForDeploymentPostprocessing = 0;
		};
		631DFF882F52BA1200A66C98 /* Sources */ = {
			isa = PBXSourcesBuildPhase;
			buildActionMask = 2147483647;
			files = (
			);
			runOnlyForDeploymentPostprocessing = 0;
		};
/* End PBXSourcesBuildPhase section */

/* Begin PBXTargetDependency section */
		631DFF842F52BA1200A66C98 /* PBXTargetDependency */ = {
			isa = PBXTargetDependency;
			target = 631DFF682F52BA0F00A66C98 /* PhotoGalleryAppAsignment */;
			targetProxy = 631DFF832F52BA1200A66C98 /* PBXContainerItemProxy */;
		};
		631DFF8E2F52BA1200A66C98 /* PBXTargetDependency */ = {
			isa = PBXTargetDependency;
			target = 631DFF682F52BA0F00A66C98 /* PhotoGalleryAppAsignment */;
			targetProxy = 631DFF8D2F52BA1200A66C98 /* PBXContainerItemProxy */;
		};
/* End PBXTargetDependency section */

/* Begin XCBuildConfiguration section */
		631DFF962F52BA1200A66C98 /* Debug */ = {
			isa = XCBuildConfiguration;
			buildSettings = {
				ASSETCATALOG_COMPILER_APPICON_NAME = AppIcon;
				ASSETCATALOG_COMPILER_GLOBAL_ACCENT_COLOR_NAME = AccentColor;
				CODE_SIGN_STYLE = Automatic;
				CURRENT_PROJECT_VERSION = 1;
				GENERATE_INFOPLIST_FILE = YES;
				INFOPLIST_FILE = PhotoGalleryAppAsignment/Info.plist;
				INFOPLIST_KEY_UIApplicationSupportsIndirectInputEvents = YES;
				INFOPLIST_KEY_UILaunchStoryboardName = LaunchScreen;
				INFOPLIST_KEY_UIMainStoryboardFile = Main;
				INFOPLIST_KEY_UISupportedInterfaceOrientations_iPad = "UIInterfaceOrientationPortrait UIInterfaceOrientationPortraitUpsideDown UIInterfaceOrientationLandscapeLeft UIInterfaceOrientationLandscapeRight";
				INFOPLIST_KEY_UISupportedInterfaceOrientations_iPhone = "UIInterfaceOrientationPortrait UIInterfaceOrientationLandscapeLeft UIInterfaceOrientationLandscapeRight";
				LD_RUNPATH_SEARCH_PATHS = (
					"$(inherited)",
					"@executable_path/Frameworks",
				);
				MARKETING_VERSION = 1.0;
				PRODUCT_BUNDLE_IDENTIFIER = com.jawed.PhotoGalleryAppAsignment;
				PRODUCT_NAME = "$(TARGET_NAME)";
				SWIFT_EMIT_LOC_STRINGS = YES;
				SWIFT_VERSION = 5.0;
				TARGETED_DEVICE_FAMILY = "1,2";
			};
			name = Debug;
		};
		631DFF972F52BA1200A66C98 /* Release */ = {
			isa = XCBuildConfiguration;
			buildSettings = {
				ASSETCATALOG_COMPILER_APPICON_NAME = AppIcon;
				ASSETCATALOG_COMPILER_GLOBAL_ACCENT_COLOR_NAME = AccentColor;
				CODE_SIGN_STYLE = Automatic;
				CURRENT_PROJECT_VERSION = 1;
				GENERATE_INFOPLIST_FILE = YES;
				INFOPLIST_FILE = PhotoGalleryAppAsignment/Info.plist;
				INFOPLIST_KEY_UIApplicationSupportsIndirectInputEvents = YES;
				INFOPLIST_KEY_UILaunchStoryboardName = LaunchScreen;
				INFOPLIST_KEY_UIMainStoryboardFile = Main;
				INFOPLIST_KEY_UISupportedInterfaceOrientations_iPad = "UIInterfaceOrientationPortrait UIInterfaceOrientationPortraitUpsideDown UIInterfaceOrientationLandscapeLeft UIInterfaceOrientationLandscapeRight";
				INFOPLIST_KEY_UISupportedInterfaceOrientations_iPhone = "UIInterfaceOrientationPortrait UIInterfaceOrientationLandscapeLeft UIInterfaceOrientationLandscapeRight";
				LD_RUNPATH_SEARCH_PATHS = (
					"$(inherited)",
					"@executable_path/Frameworks",
				);
				MARKETING_VERSION = 1.0;
				PRODUCT_BUNDLE_IDENTIFIER = com.jawed.PhotoGalleryAppAsignment;
				PRODUCT_NAME = "$(TARGET_NAME)";
				SWIFT_EMIT_LOC_STRINGS = YES;
				SWIFT_VERSION = 5.0;
				TARGETED_DEVICE_FAMILY = "1,2";
			};
			name = Release;
		};
		631DFF982F52BA1200A66C98 /* Debug */ = {
			isa = XCBuildConfiguration;
			buildSettings = {
				ALWAYS_SEARCH_USER_PATHS = NO;
				ASSETCATALOG_COMPILER_GENERATE_SWIFT_ASSET_SYMBOL_EXTENSIONS = YES;
				CLANG_ANALYZER_NONNULL = YES;
				CLANG_ANALYZER_NUMBER_OBJECT_CONVERSION = YES_AGGRESSIVE;
				CLANG_CXX_LANGUAGE_STANDARD = "gnu++20";
				CLANG_ENABLE_MODULES = YES;
				CLANG_ENABLE_OBJC_ARC = YES;
				CLANG_ENABLE_OBJC_WEAK = YES;
				CLANG_WARN_BLOCK_CAPTURE_AUTORELEASING = YES;
				CLANG_WARN_BOOL_CONVERSION = YES;
				CLANG_WARN_COMMA = YES;
				CLANG_WARN_CONSTANT_CONVERSION = YES;
				CLANG_WARN_DEPRECATED_OBJC_IMPLEMENTATIONS = YES;
				CLANG_WARN_DIRECT_OBJC_ISA_USAGE = YES_ERROR;
				CLANG_WARN_DOCUMENTATION_COMMENTS = YES;
				CLANG_WARN_EMPTY_BODY = YES;
				CLANG_WARN_ENUM_CONVERSION = YES;
				CLANG_WARN_INFINITE_RECURSION = YES;
				CLANG_WARN_INT_CONVERSION = YES;
				CLANG_WARN_NON_LITERAL_NULL_CONVERSION = YES;
				CLANG_WARN_OBJC_IMPLICIT_RETAIN_SELF = YES;
				CLANG_WARN_OBJC_LITERAL_CONVERSION = YES;
				CLANG_WARN_OBJC_ROOT_CLASS = YES_ERROR;
				CLANG_WARN_QUOTED_INCLUDE_IN_FRAMEWORK_HEADER = YES;
				CLANG_WARN_RANGE_LOOP_ANALYSIS = YES;
				CLANG_WARN_STRICT_PROTOTYPES = YES;
				CLANG_WARN_SUSPICIOUS_MOVE = YES;
				CLANG_WARN_UNGUARDED_AVAILABILITY = YES_AGGRESSIVE;
				CLANG_WARN_UNREACHABLE_CODE = YES;
				CLANG_WARN__DUPLICATE_METHOD_MATCH = YES;
				COPY_PHASE_STRIP = NO;
				DEBUG_INFORMATION_FORMAT = dwarf;
				ENABLE_STRICT_OBJC_MSGSEND = YES;
				ENABLE_TESTABILITY = YES;
				ENABLE_USER_SCRIPT_SANDBOXING = YES;
				GCC_C_LANGUAGE_STANDARD = gnu17;
				GCC_DYNAMIC_NO_PIC = NO;
				GCC_NO_COMMON_BLOCKS = YES;
				GCC_OPTIMIZATION_LEVEL = 0;
				GCC_PREPROCESSOR_DEFINITIONS = (
					"DEBUG=1",
					"$(inherited)",
				);
				GCC_WARN_64_TO_32_BIT_CONVERSION = YES;
				GCC_WARN_ABOUT_RETURN_TYPE = YES_ERROR;
				GCC_WARN_UNDECLARED_SELECTOR = YES;
				GCC_WARN_UNINITIALIZED_AUTOS = YES_AGGRESSIVE;
				GCC_WARN_UNUSED_FUNCTION = YES;
				GCC_WARN_UNUSED_VARIABLE = YES;
				IPHONEOS_DEPLOYMENT_TARGET = 18.5;
				LOCALIZATION_PREFERS_STRING_CATALOGS = YES;
				MTL_ENABLE_DEBUG_INFO = INCLUDE_SOURCE;
				MTL_FAST_MATH = YES;
				ONLY_ACTIVE_ARCH = YES;
				SDKROOT = iphoneos;
				SWIFT_ACTIVE_COMPILATION_CONDITIONS = "DEBUG $(inherited)";
				SWIFT_OPTIMIZATION_LEVEL = "-Onone";
			};
			name = Debug;
		};
		631DFF992F52BA1200A66C98 /* Release */ = {
			isa = XCBuildConfiguration;
			buildSettings = {
				ALWAYS_SEARCH_USER_PATHS = NO;
				ASSETCATALOG_COMPILER_GENERATE_SWIFT_ASSET_SYMBOL_EXTENSIONS = YES;
				CLANG_ANALYZER_NONNULL = YES;
				CLANG_ANALYZER_NUMBER_OBJECT_CONVERSION = YES_AGGRESSIVE;
				CLANG_CXX_LANGUAGE_STANDARD = "gnu++20";
				CLANG_ENABLE_MODULES = YES;
				CLANG_ENABLE_OBJC_ARC = YES;
				CLANG_ENABLE_OBJC_WEAK = YES;
				CLANG_WARN_BLOCK_CAPTURE_AUTORELEASING = YES;
				CLANG_WARN_BOOL_CONVERSION = YES;
				CLANG_WARN_COMMA = YES;
				CLANG_WARN_CONSTANT_CONVERSION = YES;
				CLANG_WARN_DEPRECATED_OBJC_IMPLEMENTATIONS = YES;
				CLANG_WARN_DIRECT_OBJC_ISA_USAGE = YES_ERROR;
				CLANG_WARN_DOCUMENTATION_COMMENTS = YES;
				CLANG_WARN_EMPTY_BODY = YES;
				CLANG_WARN_ENUM_CONVERSION = YES;
				CLANG_WARN_INFINITE_RECURSION = YES;
				CLANG_WARN_INT_CONVERSION = YES;
				CLANG_WARN_NON_LITERAL_NULL_CONVERSION = YES;
				CLANG_WARN_OBJC_IMPLICIT_RETAIN_SELF = YES;
				CLANG_WARN_OBJC_LITERAL_CONVERSION = YES;
				CLANG_WARN_OBJC_ROOT_CLASS = YES_ERROR;
				CLANG_WARN_QUOTED_INCLUDE_IN_FRAMEWORK_HEADER = YES;
				CLANG_WARN_RANGE_LOOP_ANALYSIS = YES;
				CLANG_WARN_STRICT_PROTOTYPES = YES;
				CLANG_WARN_SUSPICIOUS_MOVE = YES;
				CLANG_WARN_UNGUARDED_AVAILABILITY = YES_AGGRESSIVE;
				CLANG_WARN_UNREACHABLE_CODE = YES;
				CLANG_WARN__DUPLICATE_METHOD_MATCH = YES;
				COPY_PHASE_STRIP = NO;
				DEBUG_INFORMATION_FORMAT = "dwarf-with-dsym";
				ENABLE_NS_ASSERTIONS = NO;
				ENABLE_STRICT_OBJC_MSGSEND = YES;
				ENABLE_USER_SCRIPT_SANDBOXING = YES;
				GCC_C_LANGUAGE_STANDARD = gnu17;
				GCC_NO_COMMON_BLOCKS = YES;
				GCC_WARN_64_TO_32_BIT_CONVERSION = YES;
				GCC_WARN_ABOUT_RETURN_TYPE = YES_ERROR;
				GCC_WARN_UNDECLARED_SELECTOR = YES;
				GCC_WARN_UNINITIALIZED_AUTOS = YES_AGGRESSIVE;
				GCC_WARN_UNUSED_FUNCTION = YES;
				GCC_WARN_UNUSED_VARIABLE = YES;
				IPHONEOS_DEPLOYMENT_TARGET = 18.5;
				LOCALIZATION_PREFERS_STRING_CATALOGS = YES;
				MTL_ENABLE_DEBUG_INFO = NO;
				MTL_FAST_MATH = YES;
				SDKROOT = iphoneos;
				SWIFT_COMPILATION_MODE = wholemodule;
				VALIDATE_PRODUCT = YES;
			};
			name = Release;
		};
		631DFF9B2F52BA1200A66C98 /* Debug */ = {
			isa = XCBuildConfiguration;
			buildSettings = {
				BUNDLE_LOADER = "$(TEST_HOST)";
				CODE_SIGN_STYLE = Automatic;
				CURRENT_PROJECT_VERSION = 1;
				GENERATE_INFOPLIST_FILE = YES;
				IPHONEOS_DEPLOYMENT_TARGET = 18.5;
				MARKETING_VERSION = 1.0;
				PRODUCT_BUNDLE_IDENTIFIER = com.jawed.PhotoGalleryAppAsignmentTests;
				PRODUCT_NAME = "$(TARGET_NAME)";
				SWIFT_EMIT_LOC_STRINGS = NO;
				SWIFT_VERSION = 5.0;
				TARGETED_DEVICE_FAMILY = "1,2";
				TEST_HOST = "$(BUILT_PRODUCTS_DIR)/PhotoGalleryAppAsignment.app/$(BUNDLE_EXECUTABLE_FOLDER_PATH)/PhotoGalleryAppAsignment";
			};
			name = Debug;
		};
		631DFF9C2F52BA1200A66C98 /* Release */ = {
			isa = XCBuildConfiguration;
			buildSettings = {
				BUNDLE_LOADER = "$(TEST_HOST)";
				CODE_SIGN_STYLE = Automatic;
				CURRENT_PROJECT_VERSION = 1;
				GENERATE_INFOPLIST_FILE = YES;
				IPHONEOS_DEPLOYMENT_TARGET = 18.5;
				MARKETING_VERSION = 1.0;
				PRODUCT_BUNDLE_IDENTIFIER = com.jawed.PhotoGalleryAppAsignmentTests;
				PRODUCT_NAME = "$(TARGET_NAME)";
				SWIFT_EMIT_LOC_STRINGS = NO;
				SWIFT_VERSION = 5.0;
				TARGETED_DEVICE_FAMILY = "1,2";
				TEST_HOST = "$(BUILT_PRODUCTS_DIR)/PhotoGalleryAppAsignment.app/$(BUNDLE_EXECUTABLE_FOLDER_PATH)/PhotoGalleryAppAsignment";
			};
			name = Release;
		};
		631DFF9E2F52BA1200A66C98 /* Debug */ = {
			isa = XCBuildConfiguration;
			buildSettings = {
				CODE_SIGN_STYLE = Automatic;
				CURRENT_PROJECT_VERSION = 1;
				GENERATE_INFOPLIST_FILE = YES;
				MARKETING_VERSION = 1.0;
				PRODUCT_BUNDLE_IDENTIFIER = com.jawed.PhotoGalleryAppAsignmentUITests;
				PRODUCT_NAME = "$(TARGET_NAME)";
				SWIFT_EMIT_LOC_STRINGS = NO;
				SWIFT_VERSION = 5.0;
				TARGETED_DEVICE_FAMILY = "1,2";
				TEST_TARGET_NAME = PhotoGalleryAppAsignment;
			};
			name = Debug;
		};
		631DFF9F2F52BA1200A66C98 /* Release */ = {
			isa = XCBuildConfiguration;
			buildSettings = {
				CODE_SIGN_STYLE = Automatic;
				CURRENT_PROJECT_VERSION = 1;
				GENERATE_INFOPLIST_FILE = YES;
				MARKETING_VERSION = 1.0;
				PRODUCT_BUNDLE_IDENTIFIER = com.jawed.PhotoGalleryAppAsignmentUITests;
				PRODUCT_NAME = "$(TARGET_NAME)";
				SWIFT_EMIT_LOC_STRINGS = NO;
				SWIFT_VERSION = 5.0;
				TARGETED_DEVICE_FAMILY = "1,2";
				TEST_TARGET_NAME = PhotoGalleryAppAsignment;
			};
			name = Release;
		};
/* End XCBuildConfiguration section */

/* Begin XCConfigurationList section */
		631DFF642F52BA0F00A66C98 /* Build configuration list for PBXProject "PhotoGalleryAppAsignment" */ = {
			isa = XCConfigurationList;
			buildConfigurations = (
				631DFF982F52BA1200A66C98 /* Debug */,
				631DFF992F52BA1200A66C98 /* Release */,
			);
			defaultConfigurationIsVisible = 0;
			defaultConfigurationName = Release;
		};
		631DFF952F52BA1200A66C98 /* Build configuration list for PBXNativeTarget "PhotoGalleryAppAsignment" */ = {
			isa = XCConfigurationList;
			buildConfigurations = (
				631DFF962F52BA1200A66C98 /* Debug */,
				631DFF972F52BA1200A66C98 /* Release */,
			);
			defaultConfigurationIsVisible = 0;
			defaultConfigurationName = Release;
		};
		631DFF9A2F52BA1200A66C98 /* Build configuration list for PBXNativeTarget "PhotoGalleryAppAsignmentTests" */ = {
			isa = XCConfigurationList;
			buildConfigurations = (
				631DFF9B2F52BA1200A66C98 /* Debug */,
				631DFF9C2F52BA1200A66C98 /* Release */,
			);
			defaultConfigurationIsVisible = 0;
			defaultConfigurationName = Release;
		};
		631DFF9D2F52BA1200A66C98 /* Build configuration list for PBXNativeTarget "PhotoGalleryAppAsignmentUITests" */ = {
			isa = XCConfigurationList;
			buildConfigurations = (
				631DFF9E2F52BA1200A66C98 /* Debug */,
				631DFF9F2F52BA1200A66C98 /* Release */,
			);
			defaultConfigurationIsVisible = 0;
			defaultConfigurationName = Release;
		};
/* End XCConfigurationList section */
	};
	rootObject = 631DFF612F52BA0F00A66C98 /* Project object */;
}
